// !$*UTF8*$!
{
	archiveVersion = 1;
	classes = {
	};
	objectVersion = 51;
	objects = {

/* Begin PBXBuildFile section */
		80301BC5CB294AC68DF8077E /* Pods_MarvelTests.framework in Frameworks */ = {isa = PBXBuildFile; fileRef = 25E8254C63BCE79E17448AB6 /* Pods_MarvelTests.framework */; };
		C465F157C184D0BB82A43FD4 /* Pods_Marvel.framework in Frameworks */ = {isa = PBXBuildFile; fileRef = B04DF5EC48A30B5C41AF01D2 /* Pods_Marvel.framework */; };
		DB874D5224EE91BA009666A3 /* MarvelService.swift in Sources */ = {isa = PBXBuildFile; fileRef = DB874D5124EE91BA009666A3 /* MarvelService.swift */; };
		DB874D5B24EE9616009666A3 /* String+md5.swift in Sources */ = {isa = PBXBuildFile; fileRef = DB874D5A24EE9616009666A3 /* String+md5.swift */; };
		DB874D5F24EE9F27009666A3 /* DataModule.swift in Sources */ = {isa = PBXBuildFile; fileRef = DB874D5E24EE9F27009666A3 /* DataModule.swift */; };
		DB874D6124EEA146009666A3 /* ViewModule.swift in Sources */ = {isa = PBXBuildFile; fileRef = DB874D6024EEA146009666A3 /* ViewModule.swift */; };
		DB874D6524EEA1D2009666A3 /* Wireframe.swift in Sources */ = {isa = PBXBuildFile; fileRef = DB874D6424EEA1D2009666A3 /* Wireframe.swift */; };
		DB874D6724EEA2F9009666A3 /* ApplicationModule.swift in Sources */ = {isa = PBXBuildFile; fileRef = DB874D6624EEA2F9009666A3 /* ApplicationModule.swift */; };
		DB874D6B24EEA376009666A3 /* ComicsPresenter.swift in Sources */ = {isa = PBXBuildFile; fileRef = DB874D6A24EEA376009666A3 /* ComicsPresenter.swift */; };
		DB874D7524EEA469009666A3 /* BaseViewController.swift in Sources */ = {isa = PBXBuildFile; fileRef = DB874D7424EEA469009666A3 /* BaseViewController.swift */; };
		DB874D7724EEA47E009666A3 /* BasePresenter.swift in Sources */ = {isa = PBXBuildFile; fileRef = DB874D7624EEA47E009666A3 /* BasePresenter.swift */; };
		DB874D7924EEA4E3009666A3 /* BaseView.swift in Sources */ = {isa = PBXBuildFile; fileRef = DB874D7824EEA4E3009666A3 /* BaseView.swift */; };
		DB96735B24ED84B800E81F13 /* AppDelegate.swift in Sources */ = {isa = PBXBuildFile; fileRef = DB96735A24ED84B800E81F13 /* AppDelegate.swift */; };
		DB96735D24ED84B800E81F13 /* SceneDelegate.swift in Sources */ = {isa = PBXBuildFile; fileRef = DB96735C24ED84B800E81F13 /* SceneDelegate.swift */; };
		DB96735F24ED84B800E81F13 /* ComicsViewController.swift in Sources */ = {isa = PBXBuildFile; fileRef = DB96735E24ED84B800E81F13 /* ComicsViewController.swift */; };
		DB96736224ED84B800E81F13 /* Main.storyboard in Resources */ = {isa = PBXBuildFile; fileRef = DB96736024ED84B800E81F13 /* Main.storyboard */; };
		DB96736424ED84B900E81F13 /* Assets.xcassets in Resources */ = {isa = PBXBuildFile; fileRef = DB96736324ED84B900E81F13 /* Assets.xcassets */; };
		DB96736724ED84B900E81F13 /* LaunchScreen.storyboard in Resources */ = {isa = PBXBuildFile; fileRef = DB96736524ED84B900E81F13 /* LaunchScreen.storyboard */; };
		DB96737224ED84B900E81F13 /* MarvelTests.swift in Sources */ = {isa = PBXBuildFile; fileRef = DB96737124ED84B900E81F13 /* MarvelTests.swift */; };
		DB96738224EE6B5900E81F13 /* MarvelTarget.swift in Sources */ = {isa = PBXBuildFile; fileRef = DB96738124EE6B5900E81F13 /* MarvelTarget.swift */; };
		DB96738A24EE717300E81F13 /* MarvelRepository.swift in Sources */ = {isa = PBXBuildFile; fileRef = DB96738924EE717300E81F13 /* MarvelRepository.swift */; };
		DB96738E24EE71CD00E81F13 /* Comic.swift in Sources */ = {isa = PBXBuildFile; fileRef = DB96738D24EE71CD00E81F13 /* Comic.swift */; };
		DB96739124EE738F00E81F13 /* GenericApiProvider.swift in Sources */ = {isa = PBXBuildFile; fileRef = DB96739024EE738F00E81F13 /* GenericApiProvider.swift */; };
		DB96739324EE7BB800E81F13 /* Schedulers.swift in Sources */ = {isa = PBXBuildFile; fileRef = DB96739224EE7BB800E81F13 /* Schedulers.swift */; };
		DB96739724EE7D2E00E81F13 /* MarvelFactory.swift in Sources */ = {isa = PBXBuildFile; fileRef = DB96739624EE7D2E00E81F13 /* MarvelFactory.swift */; };
		DB96739B24EE7D8400E81F13 /* ComicResponse.swift in Sources */ = {isa = PBXBuildFile; fileRef = DB96739A24EE7D8400E81F13 /* ComicResponse.swift */; };
		DB96739E24EE878300E81F13 /* MarvelRepositoryTests.swift in Sources */ = {isa = PBXBuildFile; fileRef = DB96739D24EE878300E81F13 /* MarvelRepositoryTests.swift */; };
/* End PBXBuildFile section */

/* Begin PBXContainerItemProxy section */
		DB96736E24ED84B900E81F13 /* PBXContainerItemProxy */ = {
			isa = PBXContainerItemProxy;
			containerPortal = DB96734F24ED84B800E81F13 /* Project object */;
			proxyType = 1;
			remoteGlobalIDString = DB96735624ED84B800E81F13;
			remoteInfo = Marvel;
		};
/* End PBXContainerItemProxy section */

/* Begin PBXFileReference section */
		25E8254C63BCE79E17448AB6 /* Pods_MarvelTests.framework */ = {isa = PBXFileReference; explicitFileType = wrapper.framework; includeInIndex = 0; path = Pods_MarvelTests.framework; sourceTree = BUILT_PRODUCTS_DIR; };
		A103CB989B0387DD6934717A /* Pods-Marvel.debug.xcconfig */ = {isa = PBXFileReference; includeInIndex = 1; lastKnownFileType = text.xcconfig; name = "Pods-Marvel.debug.xcconfig"; path = "Target Support Files/Pods-Marvel/Pods-Marvel.debug.xcconfig"; sourceTree = "<group>"; };
		B04DF5EC48A30B5C41AF01D2 /* Pods_Marvel.framework */ = {isa = PBXFileReference; explicitFileType = wrapper.framework; includeInIndex = 0; path = Pods_Marvel.framework; sourceTree = BUILT_PRODUCTS_DIR; };
		B42525D3666EFC592032CA18 /* Pods-Marvel.release.xcconfig */ = {isa = PBXFileReference; includeInIndex = 1; lastKnownFileType = text.xcconfig; name = "Pods-Marvel.release.xcconfig"; path = "Target Support Files/Pods-Marvel/Pods-Marvel.release.xcconfig"; sourceTree = "<group>"; };
		C59E37BEE4C4164DD90E3528 /* Pods-MarvelTests.debug.xcconfig */ = {isa = PBXFileReference; includeInIndex = 1; lastKnownFileType = text.xcconfig; name = "Pods-MarvelTests.debug.xcconfig"; path = "Target Support Files/Pods-MarvelTests/Pods-MarvelTests.debug.xcconfig"; sourceTree = "<group>"; };
		DB874D5124EE91BA009666A3 /* MarvelService.swift */ = {isa = PBXFileReference; lastKnownFileType = sourcecode.swift; path = MarvelService.swift; sourceTree = "<group>"; };
		DB874D5A24EE9616009666A3 /* String+md5.swift */ = {isa = PBXFileReference; lastKnownFileType = sourcecode.swift; path = "String+md5.swift"; sourceTree = "<group>"; };
		DB874D5E24EE9F27009666A3 /* DataModule.swift */ = {isa = PBXFileReference; lastKnownFileType = sourcecode.swift; path = DataModule.swift; sourceTree = "<group>"; };
		DB874D6024EEA146009666A3 /* ViewModule.swift */ = {isa = PBXFileReference; lastKnownFileType = sourcecode.swift; path = ViewModule.swift; sourceTree = "<group>"; };
		DB874D6424EEA1D2009666A3 /* Wireframe.swift */ = {isa = PBXFileReference; lastKnownFileType = sourcecode.swift; path = Wireframe.swift; sourceTree = "<group>"; };
		DB874D6624EEA2F9009666A3 /* ApplicationModule.swift */ = {isa = PBXFileReference; lastKnownFileType = sourcecode.swift; path = ApplicationModule.swift; sourceTree = "<group>"; };
		DB874D6A24EEA376009666A3 /* ComicsPresenter.swift */ = {isa = PBXFileReference; lastKnownFileType = sourcecode.swift; path = ComicsPresenter.swift; sourceTree = "<group>"; };
		DB874D7424EEA469009666A3 /* BaseViewController.swift */ = {isa = PBXFileReference; lastKnownFileType = sourcecode.swift; path = BaseViewController.swift; sourceTree = "<group>"; };
		DB874D7624EEA47E009666A3 /* BasePresenter.swift */ = {isa = PBXFileReference; lastKnownFileType = sourcecode.swift; path = BasePresenter.swift; sourceTree = "<group>"; };
		DB874D7824EEA4E3009666A3 /* BaseView.swift */ = {isa = PBXFileReference; lastKnownFileType = sourcecode.swift; path = BaseView.swift; sourceTree = "<group>"; };
		DB96735724ED84B800E81F13 /* Marvel.app */ = {isa = PBXFileReference; explicitFileType = wrapper.application; includeInIndex = 0; path = Marvel.app; sourceTree = BUILT_PRODUCTS_DIR; };
		DB96735A24ED84B800E81F13 /* AppDelegate.swift */ = {isa = PBXFileReference; lastKnownFileType = sourcecode.swift; path = AppDelegate.swift; sourceTree = "<group>"; };
		DB96735C24ED84B800E81F13 /* SceneDelegate.swift */ = {isa = PBXFileReference; lastKnownFileType = sourcecode.swift; path = SceneDelegate.swift; sourceTree = "<group>"; };
		DB96735E24ED84B800E81F13 /* ComicsViewController.swift */ = {isa = PBXFileReference; lastKnownFileType = sourcecode.swift; path = ComicsViewController.swift; sourceTree = "<group>"; };
		DB96736124ED84B800E81F13 /* Base */ = {isa = PBXFileReference; lastKnownFileType = file.storyboard; name = Base; path = Base.lproj/Main.storyboard; sourceTree = "<group>"; };
		DB96736324ED84B900E81F13 /* Assets.xcassets */ = {isa = PBXFileReference; lastKnownFileType = folder.assetcatalog; path = Assets.xcassets; sourceTree = "<group>"; };
		DB96736624ED84B900E81F13 /* Base */ = {isa = PBXFileReference; lastKnownFileType = file.storyboard; name = Base; path = Base.lproj/LaunchScreen.storyboard; sourceTree = "<group>"; };
		DB96736824ED84B900E81F13 /* Info.plist */ = {isa = PBXFileReference; lastKnownFileType = text.plist.xml; path = Info.plist; sourceTree = "<group>"; };
		DB96736D24ED84B900E81F13 /* MarvelTests.xctest */ = {isa = PBXFileReference; explicitFileType = wrapper.cfbundle; includeInIndex = 0; path = MarvelTests.xctest; sourceTree = BUILT_PRODUCTS_DIR; };
		DB96737124ED84B900E81F13 /* MarvelTests.swift */ = {isa = PBXFileReference; lastKnownFileType = sourcecode.swift; path = MarvelTests.swift; sourceTree = "<group>"; };
		DB96737324ED84B900E81F13 /* Info.plist */ = {isa = PBXFileReference; lastKnownFileType = text.plist.xml; path = Info.plist; sourceTree = "<group>"; };
		DB96738124EE6B5900E81F13 /* MarvelTarget.swift */ = {isa = PBXFileReference; lastKnownFileType = sourcecode.swift; path = MarvelTarget.swift; sourceTree = "<group>"; };
		DB96738924EE717300E81F13 /* MarvelRepository.swift */ = {isa = PBXFileReference; lastKnownFileType = sourcecode.swift; path = MarvelRepository.swift; sourceTree = "<group>"; };
		DB96738D24EE71CD00E81F13 /* Comic.swift */ = {isa = PBXFileReference; lastKnownFileType = sourcecode.swift; path = Comic.swift; sourceTree = "<group>"; };
		DB96739024EE738F00E81F13 /* GenericApiProvider.swift */ = {isa = PBXFileReference; lastKnownFileType = sourcecode.swift; path = GenericApiProvider.swift; sourceTree = "<group>"; };
		DB96739224EE7BB800E81F13 /* Schedulers.swift */ = {isa = PBXFileReference; lastKnownFileType = sourcecode.swift; path = Schedulers.swift; sourceTree = "<group>"; };
		DB96739624EE7D2E00E81F13 /* MarvelFactory.swift */ = {isa = PBXFileReference; lastKnownFileType = sourcecode.swift; path = MarvelFactory.swift; sourceTree = "<group>"; };
		DB96739A24EE7D8400E81F13 /* ComicResponse.swift */ = {isa = PBXFileReference; lastKnownFileType = sourcecode.swift; path = ComicResponse.swift; sourceTree = "<group>"; };
		DB96739D24EE878300E81F13 /* MarvelRepositoryTests.swift */ = {isa = PBXFileReference; lastKnownFileType = sourcecode.swift; path = MarvelRepositoryTests.swift; sourceTree = "<group>"; };
		E6B2A89FED1A7219D59C6F6A /* Pods-MarvelTests.release.xcconfig */ = {isa = PBXFileReference; includeInIndex = 1; lastKnownFileType = text.xcconfig; name = "Pods-MarvelTests.release.xcconfig"; path = "Target Support Files/Pods-MarvelTests/Pods-MarvelTests.release.xcconfig"; sourceTree = "<group>"; };
/* End PBXFileReference section */

/* Begin PBXFrameworksBuildPhase section */
		DB96735424ED84B800E81F13 /* Frameworks */ = {
			isa = PBXFrameworksBuildPhase;
			buildActionMask = 2147483647;
			files = (
				C465F157C184D0BB82A43FD4 /* Pods_Marvel.framework in Frameworks */,
			);
			runOnlyForDeploymentPostprocessing = 0;
		};
		DB96736A24ED84B900E81F13 /* Frameworks */ = {
			isa = PBXFrameworksBuildPhase;
			buildActionMask = 2147483647;
			files = (
				80301BC5CB294AC68DF8077E /* Pods_MarvelTests.framework in Frameworks */,
			);
			runOnlyForDeploymentPostprocessing = 0;
		};
/* End PBXFrameworksBuildPhase section */

/* Begin PBXGroup section */
		27F1AD7C3F875B2106BAA9FE /* Pods */ = {
			isa = PBXGroup;
			children = (
				A103CB989B0387DD6934717A /* Pods-Marvel.debug.xcconfig */,
				B42525D3666EFC592032CA18 /* Pods-Marvel.release.xcconfig */,
				C59E37BEE4C4164DD90E3528 /* Pods-MarvelTests.debug.xcconfig */,
				E6B2A89FED1A7219D59C6F6A /* Pods-MarvelTests.release.xcconfig */,
			);
			path = Pods;
			sourceTree = "<group>";
		};
		8D0C3128E0EB3C7F5ADC08D1 /* Frameworks */ = {
			isa = PBXGroup;
			children = (
				B04DF5EC48A30B5C41AF01D2 /* Pods_Marvel.framework */,
				25E8254C63BCE79E17448AB6 /* Pods_MarvelTests.framework */,
			);
			name = Frameworks;
			sourceTree = "<group>";
		};
		DB874D5024EE91AA009666A3 /* MarvelService */ = {
			isa = PBXGroup;
			children = (
				DB874D5124EE91BA009666A3 /* MarvelService.swift */,
			);
			path = MarvelService;
			sourceTree = "<group>";
		};
		DB874D5924EE95FF009666A3 /* Extensions */ = {
			isa = PBXGroup;
			children = (
				DB874D5A24EE9616009666A3 /* String+md5.swift */,
			);
			path = Extensions;
			sourceTree = "<group>";
		};
		DB874D5C24EE9F06009666A3 /* Application */ = {
			isa = PBXGroup;
			children = (
				DB874D5D24EE9F1C009666A3 /* DependencyInjection */,
			);
			path = Application;
			sourceTree = "<group>";
		};
		DB874D5D24EE9F1C009666A3 /* DependencyInjection */ = {
			isa = PBXGroup;
			children = (
				DB874D5E24EE9F27009666A3 /* DataModule.swift */,
				DB874D6024EEA146009666A3 /* ViewModule.swift */,
			);
			path = DependencyInjection;
			sourceTree = "<group>";
		};
		DB874D6224EEA1BB009666A3 /* Wireframe */ = {
			isa = PBXGroup;
			children = (
				DB874D6424EEA1D2009666A3 /* Wireframe.swift */,
				DB874D6624EEA2F9009666A3 /* ApplicationModule.swift */,
			);
			path = Wireframe;
			sourceTree = "<group>";
		};
		DB874D6324EEA1CA009666A3 /* Views */ = {
			isa = PBXGroup;
			children = (
				DB874D6824EEA359009666A3 /* Comics */,
			);
			path = Views;
			sourceTree = "<group>";
		};
		DB874D6824EEA359009666A3 /* Comics */ = {
			isa = PBXGroup;
			children = (
				DB96735E24ED84B800E81F13 /* ComicsViewController.swift */,
				DB96736024ED84B800E81F13 /* Main.storyboard */,
				DB874D6A24EEA376009666A3 /* ComicsPresenter.swift */,
			);
			path = Comics;
			sourceTree = "<group>";
		};
		DB874D7224EEA45A009666A3 /* Library */ = {
			isa = PBXGroup;
			children = (
				DB874D7324EEA45F009666A3 /* Base */,
			);
			path = Library;
			sourceTree = "<group>";
		};
		DB874D7324EEA45F009666A3 /* Base */ = {
			isa = PBXGroup;
			children = (
				DB874D7424EEA469009666A3 /* BaseViewController.swift */,
				DB874D7624EEA47E009666A3 /* BasePresenter.swift */,
				DB874D7824EEA4E3009666A3 /* BaseView.swift */,
			);
			path = Base;
			sourceTree = "<group>";
		};
		DB96734E24ED84B800E81F13 = {
			isa = PBXGroup;
			children = (
				DB96735924ED84B800E81F13 /* Marvel */,
				DB96737024ED84B900E81F13 /* MarvelTests */,
				DB96735824ED84B800E81F13 /* Products */,
				27F1AD7C3F875B2106BAA9FE /* Pods */,
				8D0C3128E0EB3C7F5ADC08D1 /* Frameworks */,
			);
			sourceTree = "<group>";
		};
		DB96735824ED84B800E81F13 /* Products */ = {
			isa = PBXGroup;
			children = (
				DB96735724ED84B800E81F13 /* Marvel.app */,
				DB96736D24ED84B900E81F13 /* MarvelTests.xctest */,
			);
			name = Products;
			sourceTree = "<group>";
		};
		DB96735924ED84B800E81F13 /* Marvel */ = {
			isa = PBXGroup;
			children = (
				DB874D5C24EE9F06009666A3 /* Application */,
				DB874D5924EE95FF009666A3 /* Extensions */,
				DB96737C24ED84F300E81F13 /* Presentation */,
				DB96737D24ED84FD00E81F13 /* Domain */,
				DB96737E24ED850600E81F13 /* Data */,
				DB96735A24ED84B800E81F13 /* AppDelegate.swift */,
				DB96735C24ED84B800E81F13 /* SceneDelegate.swift */,
				DB96736324ED84B900E81F13 /* Assets.xcassets */,
				DB96736524ED84B900E81F13 /* LaunchScreen.storyboard */,
				DB96736824ED84B900E81F13 /* Info.plist */,
			);
			path = Marvel;
			sourceTree = "<group>";
		};
		DB96737024ED84B900E81F13 /* MarvelTests */ = {
			isa = PBXGroup;
			children = (
				DB96739C24EE877500E81F13 /* Repositories */,
				DB96737124ED84B900E81F13 /* MarvelTests.swift */,
				DB96737324ED84B900E81F13 /* Info.plist */,
			);
			path = MarvelTests;
			sourceTree = "<group>";
		};
		DB96737C24ED84F300E81F13 /* Presentation */ = {
			isa = PBXGroup;
			children = (
				DB874D7224EEA45A009666A3 /* Library */,
				DB874D6324EEA1CA009666A3 /* Views */,
				DB874D6224EEA1BB009666A3 /* Wireframe */,
			);
			path = Presentation;
			sourceTree = "<group>";
		};
		DB96737D24ED84FD00E81F13 /* Domain */ = {
			isa = PBXGroup;
			children = (
				DB96739424EE7D1E00E81F13 /* Services */,
			);
			path = Domain;
			sourceTree = "<group>";
		};
		DB96737E24ED850600E81F13 /* Data */ = {
			isa = PBXGroup;
			children = (
				DB96738F24EE738100E81F13 /* Library */,
				DB96738324EE6CD400E81F13 /* Models */,
				DB96737F24EE6B3A00E81F13 /* Repositories */,
			);
			path = Data;
			sourceTree = "<group>";
		};
		DB96737F24EE6B3A00E81F13 /* Repositories */ = {
			isa = PBXGroup;
			children = (
				DB96738024EE6B4B00E81F13 /* Marvel */,
			);
			path = Repositories;
			sourceTree = "<group>";
		};
		DB96738024EE6B4B00E81F13 /* Marvel */ = {
			isa = PBXGroup;
			children = (
				DB96738124EE6B5900E81F13 /* MarvelTarget.swift */,
				DB96738924EE717300E81F13 /* MarvelRepository.swift */,
			);
			path = Marvel;
			sourceTree = "<group>";
		};
		DB96738324EE6CD400E81F13 /* Models */ = {
			isa = PBXGroup;
			children = (
				DB96738424EE6D0300E81F13 /* Comic */,
			);
			path = Models;
			sourceTree = "<group>";
		};
		DB96738424EE6D0300E81F13 /* Comic */ = {
			isa = PBXGroup;
			children = (
				DB96738D24EE71CD00E81F13 /* Comic.swift */,
				DB96739A24EE7D8400E81F13 /* ComicResponse.swift */,
			);
			path = Comic;
			sourceTree = "<group>";
		};
		DB96738F24EE738100E81F13 /* Library */ = {
			isa = PBXGroup;
			children = (
				DB96739024EE738F00E81F13 /* GenericApiProvider.swift */,
				DB96739224EE7BB800E81F13 /* Schedulers.swift */,
			);
			path = Library;
			sourceTree = "<group>";
		};
		DB96739424EE7D1E00E81F13 /* Services */ = {
			isa = PBXGroup;
			children = (
				DB874D5024EE91AA009666A3 /* MarvelService */,
				DB96739524EE7D2300E81F13 /* Factories */,
			);
			path = Services;
			sourceTree = "<group>";
		};
		DB96739524EE7D2300E81F13 /* Factories */ = {
			isa = PBXGroup;
			children = (
				DB96739624EE7D2E00E81F13 /* MarvelFactory.swift */,
			);
			path = Factories;
			sourceTree = "<group>";
		};
		DB96739C24EE877500E81F13 /* Repositories */ = {
			isa = PBXGroup;
			children = (
				DB96739D24EE878300E81F13 /* MarvelRepositoryTests.swift */,
			);
			path = Repositories;
			sourceTree = "<group>";
		};
/* End PBXGroup section */

/* Begin PBXNativeTarget section */
		DB96735624ED84B800E81F13 /* Marvel */ = {
			isa = PBXNativeTarget;
			buildConfigurationList = DB96737624ED84B900E81F13 /* Build configuration list for PBXNativeTarget "Marvel" */;
			buildPhases = (
				6F996B971C9B48139FBB31A0 /* [CP] Check Pods Manifest.lock */,
				DB96735324ED84B800E81F13 /* Sources */,
				DB96735424ED84B800E81F13 /* Frameworks */,
				DB96735524ED84B800E81F13 /* Resources */,
				E7FC3C2F73EB4868275633C7 /* [CP] Embed Pods Frameworks */,
			);
			buildRules = (
			);
			dependencies = (
			);
			name = Marvel;
			productName = Marvel;
			productReference = DB96735724ED84B800E81F13 /* Marvel.app */;
			productType = "com.apple.product-type.application";
		};
		DB96736C24ED84B900E81F13 /* MarvelTests */ = {
			isa = PBXNativeTarget;
			buildConfigurationList = DB96737924ED84B900E81F13 /* Build configuration list for PBXNativeTarget "MarvelTests" */;
			buildPhases = (
				F55C9CFDCF28E5DA85E9EA2E /* [CP] Check Pods Manifest.lock */,
				DB96736924ED84B900E81F13 /* Sources */,
				DB96736A24ED84B900E81F13 /* Frameworks */,
				DB96736B24ED84B900E81F13 /* Resources */,
			);
			buildRules = (
			);
			dependencies = (
				DB96736F24ED84B900E81F13 /* PBXTargetDependency */,
			);
			name = MarvelTests;
			productName = MarvelTests;
			productReference = DB96736D24ED84B900E81F13 /* MarvelTests.xctest */;
			productType = "com.apple.product-type.bundle.unit-test";
		};
/* End PBXNativeTarget section */

/* Begin PBXProject section */
		DB96734F24ED84B800E81F13 /* Project object */ = {
			isa = PBXProject;
			attributes = {
				LastSwiftUpdateCheck = 1150;
				LastUpgradeCheck = 1150;
				ORGANIZATIONNAME = roger;
				TargetAttributes = {
					DB96735624ED84B800E81F13 = {
						CreatedOnToolsVersion = 11.5;
					};
					DB96736C24ED84B900E81F13 = {
						CreatedOnToolsVersion = 11.5;
						TestTargetID = DB96735624ED84B800E81F13;
					};
				};
			};
			buildConfigurationList = DB96735224ED84B800E81F13 /* Build configuration list for PBXProject "Marvel" */;
			compatibilityVersion = "Xcode 9.3";
			developmentRegion = en;
			hasScannedForEncodings = 0;
			knownRegions = (
				en,
				Base,
			);
			mainGroup = DB96734E24ED84B800E81F13;
			productRefGroup = DB96735824ED84B800E81F13 /* Products */;
			projectDirPath = "";
			projectRoot = "";
			targets = (
				DB96735624ED84B800E81F13 /* Marvel */,
				DB96736C24ED84B900E81F13 /* MarvelTests */,
			);
		};
/* End PBXProject section */

/* Begin PBXResourcesBuildPhase section */
		DB96735524ED84B800E81F13 /* Resources */ = {
			isa = PBXResourcesBuildPhase;
			buildActionMask = 2147483647;
			files = (
				DB96736724ED84B900E81F13 /* LaunchScreen.storyboard in Resources */,
				DB96736424ED84B900E81F13 /* Assets.xcassets in Resources */,
				DB96736224ED84B800E81F13 /* Main.storyboard in Resources */,
			);
			runOnlyForDeploymentPostprocessing = 0;
		};
		DB96736B24ED84B900E81F13 /* Resources */ = {
			isa = PBXResourcesBuildPhase;
			buildActionMask = 2147483647;
			files = (
			);
			runOnlyForDeploymentPostprocessing = 0;
		};
/* End PBXResourcesBuildPhase section */

/* Begin PBXShellScriptBuildPhase section */
		6F996B971C9B48139FBB31A0 /* [CP] Check Pods Manifest.lock */ = {
			isa = PBXShellScriptBuildPhase;
			buildActionMask = 2147483647;
			files = (
			);
			inputFileListPaths = (
			);
			inputPaths = (
				"${PODS_PODFILE_DIR_PATH}/Podfile.lock",
				"${PODS_ROOT}/Manifest.lock",
			);
			name = "[CP] Check Pods Manifest.lock";
			outputFileListPaths = (
			);
			outputPaths = (
				"$(DERIVED_FILE_DIR)/Pods-Marvel-checkManifestLockResult.txt",
			);
			runOnlyForDeploymentPostprocessing = 0;
			shellPath = /bin/sh;
			shellScript = "diff \"${PODS_PODFILE_DIR_PATH}/Podfile.lock\" \"${PODS_ROOT}/Manifest.lock\" > /dev/null\nif [ $? != 0 ] ; then\n    # print error to STDERR\n    echo \"error: The sandbox is not in sync with the Podfile.lock. Run 'pod install' or update your CocoaPods installation.\" >&2\n    exit 1\nfi\n# This output is used by Xcode 'outputs' to avoid re-running this script phase.\necho \"SUCCESS\" > \"${SCRIPT_OUTPUT_FILE_0}\"\n";
			showEnvVarsInLog = 0;
		};
		E7FC3C2F73EB4868275633C7 /* [CP] Embed Pods Frameworks */ = {
			isa = PBXShellScriptBuildPhase;
			buildActionMask = 2147483647;
			files = (
			);
			inputFileListPaths = (
				"${PODS_ROOT}/Target Support Files/Pods-Marvel/Pods-Marvel-frameworks-${CONFIGURATION}-input-files.xcfilelist",
			);
			name = "[CP] Embed Pods Frameworks";
			outputFileListPaths = (
				"${PODS_ROOT}/Target Support Files/Pods-Marvel/Pods-Marvel-frameworks-${CONFIGURATION}-output-files.xcfilelist",
			);
			runOnlyForDeploymentPostprocessing = 0;
			shellPath = /bin/sh;
			shellScript = "\"${PODS_ROOT}/Target Support Files/Pods-Marvel/Pods-Marvel-frameworks.sh\"\n";
			showEnvVarsInLog = 0;
		};
		F55C9CFDCF28E5DA85E9EA2E /* [CP] Check Pods Manifest.lock */ = {
			isa = PBXShellScriptBuildPhase;
			buildActionMask = 2147483647;
			files = (
			);
			inputFileListPaths = (
			);
			inputPaths = (
				"${PODS_PODFILE_DIR_PATH}/Podfile.lock",
				"${PODS_ROOT}/Manifest.lock",
			);
			name = "[CP] Check Pods Manifest.lock";
			outputFileListPaths = (
			);
			outputPaths = (
				"$(DERIVED_FILE_DIR)/Pods-MarvelTests-checkManifestLockResult.txt",
			);
			runOnlyForDeploymentPostprocessing = 0;
			shellPath = /bin/sh;
			shellScript = "diff \"${PODS_PODFILE_DIR_PATH}/Podfile.lock\" \"${PODS_ROOT}/Manifest.lock\" > /dev/null\nif [ $? != 0 ] ; then\n    # print error to STDERR\n    echo \"error: The sandbox is not in sync with the Podfile.lock. Run 'pod install' or update your CocoaPods installation.\" >&2\n    exit 1\nfi\n# This output is used by Xcode 'outputs' to avoid re-running this script phase.\necho \"SUCCESS\" > \"${SCRIPT_OUTPUT_FILE_0}\"\n";
			showEnvVarsInLog = 0;
		};
/* End PBXShellScriptBuildPhase section */

/* Begin PBXSourcesBuildPhase section */
		DB96735324ED84B800E81F13 /* Sources */ = {
			isa = PBXSourcesBuildPhase;
			buildActionMask = 2147483647;
			files = (
				DB96735F24ED84B800E81F13 /* ComicsViewController.swift in Sources */,
				DB874D5224EE91BA009666A3 /* MarvelService.swift in Sources */,
				DB96735B24ED84B800E81F13 /* AppDelegate.swift in Sources */,
				DB96738A24EE717300E81F13 /* MarvelRepository.swift in Sources */,
				DB96735D24ED84B800E81F13 /* SceneDelegate.swift in Sources */,
				DB874D7524EEA469009666A3 /* BaseViewController.swift in Sources */,
				DB874D6524EEA1D2009666A3 /* Wireframe.swift in Sources */,
				DB874D7924EEA4E3009666A3 /* BaseView.swift in Sources */,
				DB96739324EE7BB800E81F13 /* Schedulers.swift in Sources */,
				DB96739124EE738F00E81F13 /* GenericApiProvider.swift in Sources */,
				DB874D7724EEA47E009666A3 /* BasePresenter.swift in Sources */,
				DB96738224EE6B5900E81F13 /* MarvelTarget.swift in Sources */,
				DB874D5F24EE9F27009666A3 /* DataModule.swift in Sources */,
				DB96738E24EE71CD00E81F13 /* Comic.swift in Sources */,
				DB874D6124EEA146009666A3 /* ViewModule.swift in Sources */,
				DB874D6724EEA2F9009666A3 /* ApplicationModule.swift in Sources */,
				DB874D6B24EEA376009666A3 /* ComicsPresenter.swift in Sources */,
				DB96739724EE7D2E00E81F13 /* MarvelFactory.swift in Sources */,
				DB96739B24EE7D8400E81F13 /* ComicResponse.swift in Sources */,
				DB874D5B24EE9616009666A3 /* String+md5.swift in Sources */,
			);
			runOnlyForDeploymentPostprocessing = 0;
		};
		DB96736924ED84B900E81F13 /* Sources */ = {
			isa = PBXSourcesBuildPhase;
			buildActionMask = 2147483647;
			files = (
				DB96739E24EE878300E81F13 /* MarvelRepositoryTests.swift in Sources */,
				DB96737224ED84B900E81F13 /* MarvelTests.swift in Sources */,
			);
			runOnlyForDeploymentPostprocessing = 0;
		};
/* End PBXSourcesBuildPhase section */

/* Begin PBXTargetDependency section */
		DB96736F24ED84B900E81F13 /* PBXTargetDependency */ = {
			isa = PBXTargetDependency;
			target = DB96735624ED84B800E81F13 /* Marvel */;
			targetProxy = DB96736E24ED84B900E81F13 /* PBXContainerItemProxy */;
		};
/* End PBXTargetDependency section */

/* Begin PBXVariantGroup section */
		DB96736024ED84B800E81F13 /* Main.storyboard */ = {
			isa = PBXVariantGroup;
			children = (
				DB96736124ED84B800E81F13 /* Base */,
			);
			name = Main.storyboard;
			sourceTree = "<group>";
		};
		DB96736524ED84B900E81F13 /* LaunchScreen.storyboard */ = {
			isa = PBXVariantGroup;
			children = (
				DB96736624ED84B900E81F13 /* Base */,
			);
			name = LaunchScreen.storyboard;
			sourceTree = "<group>";
		};
/* End PBXVariantGroup section */

/* Begin XCBuildConfiguration section */
		DB96737424ED84B900E81F13 /* Debug */ = {
			isa = XCBuildConfiguration;
			buildSettings = {
				ALWAYS_SEARCH_USER_PATHS = NO;
				CLANG_ANALYZER_NONNULL = YES;
				CLANG_ANALYZER_NUMBER_OBJECT_CONVERSION = YES_AGGRESSIVE;
				CLANG_CXX_LANGUAGE_STANDARD = "gnu++14";
				CLANG_CXX_LIBRARY = "libc++";
				CLANG_ENABLE_MODULES = YES;
				CLANG_ENABLE_OBJC_ARC = YES;
				CLANG_ENABLE_OBJC_WEAK = YES;
				CLANG_WARN_BLOCK_CAPTURE_AUTORELEASING = YES;
				CLANG_WARN_BOOL_CONVERSION = YES;
				CLANG_WARN_COMMA = YES;
				CLANG_WARN_CONSTANT_CONVERSION = YES;
				CLANG_WARN_DEPRECATED_OBJC_IMPLEMENTATIONS = YES;
				CLANG_WARN_DIRECT_OBJC_ISA_USAGE = YES_ERROR;
				CLANG_WARN_DOCUMENTATION_COMMENTS = YES;
				CLANG_WARN_EMPTY_BODY = YES;
				CLANG_WARN_ENUM_CONVERSION = YES;
				CLANG_WARN_INFINITE_RECURSION = YES;
				CLANG_WARN_INT_CONVERSION = YES;
				CLANG_WARN_NON_LITERAL_NULL_CONVERSION = YES;
				CLANG_WARN_OBJC_IMPLICIT_RETAIN_SELF = YES;
				CLANG_WARN_OBJC_LITERAL_CONVERSION = YES;
				CLANG_WARN_OBJC_ROOT_CLASS = YES_ERROR;
				CLANG_WARN_RANGE_LOOP_ANALYSIS = YES;
				CLANG_WARN_STRICT_PROTOTYPES = YES;
				CLANG_WARN_SUSPICIOUS_MOVE = YES;
				CLANG_WARN_UNGUARDED_AVAILABILITY = YES_AGGRESSIVE;
				CLANG_WARN_UNREACHABLE_CODE = YES;
				CLANG_WARN__DUPLICATE_METHOD_MATCH = YES;
				COPY_PHASE_STRIP = NO;
				DEBUG_INFORMATION_FORMAT = dwarf;
				ENABLE_STRICT_OBJC_MSGSEND = YES;
				ENABLE_TESTABILITY = YES;
				GCC_C_LANGUAGE_STANDARD = gnu11;
				GCC_DYNAMIC_NO_PIC = NO;
				GCC_NO_COMMON_BLOCKS = YES;
				GCC_OPTIMIZATION_LEVEL = 0;
				GCC_PREPROCESSOR_DEFINITIONS = (
					"DEBUG=1",
					"$(inherited)",
				);
				GCC_WARN_64_TO_32_BIT_CONVERSION = YES;
				GCC_WARN_ABOUT_RETURN_TYPE = YES_ERROR;
				GCC_WARN_UNDECLARED_SELECTOR = YES;
				GCC_WARN_UNINITIALIZED_AUTOS = YES_AGGRESSIVE;
				GCC_WARN_UNUSED_FUNCTION = YES;
				GCC_WARN_UNUSED_VARIABLE = YES;
				IPHONEOS_DEPLOYMENT_TARGET = 13.5;
				MTL_ENABLE_DEBUG_INFO = INCLUDE_SOURCE;
				MTL_FAST_MATH = YES;
				ONLY_ACTIVE_ARCH = YES;
				SDKROOT = iphoneos;
				SWIFT_ACTIVE_COMPILATION_CONDITIONS = DEBUG;
				SWIFT_OPTIMIZATION_LEVEL = "-Onone";
			};
			name = Debug;
		};
		DB96737524ED84B900E81F13 /* Release */ = {
			isa = XCBuildConfiguration;
			buildSettings = {
				ALWAYS_SEARCH_USER_PATHS = NO;
				CLANG_ANALYZER_NONNULL = YES;
				CLANG_ANALYZER_NUMBER_OBJECT_CONVERSION = YES_AGGRESSIVE;
				CLANG_CXX_LANGUAGE_STANDARD = "gnu++14";
				CLANG_CXX_LIBRARY = "libc++";
				CLANG_ENABLE_MODULES = YES;
				CLANG_ENABLE_OBJC_ARC = YES;
				CLANG_ENABLE_OBJC_WEAK = YES;
				CLANG_WARN_BLOCK_CAPTURE_AUTORELEASING = YES;
				CLANG_WARN_BOOL_CONVERSION = YES;
				CLANG_WARN_COMMA = YES;
				CLANG_WARN_CONSTANT_CONVERSION = YES;
				CLANG_WARN_DEPRECATED_OBJC_IMPLEMENTATIONS = YES;
				CLANG_WARN_DIRECT_OBJC_ISA_USAGE = YES_ERROR;
				CLANG_WARN_DOCUMENTATION_COMMENTS = YES;
				CLANG_WARN_EMPTY_BODY = YES;
				CLANG_WARN_ENUM_CONVERSION = YES;
				CLANG_WARN_INFINITE_RECURSION = YES;
				CLANG_WARN_INT_CONVERSION = YES;
				CLANG_WARN_NON_LITERAL_NULL_CONVERSION = YES;
				CLANG_WARN_OBJC_IMPLICIT_RETAIN_SELF = YES;
				CLANG_WARN_OBJC_LITERAL_CONVERSION = YES;
				CLANG_WARN_OBJC_ROOT_CLASS = YES_ERROR;
				CLANG_WARN_RANGE_LOOP_ANALYSIS = YES;
				CLANG_WARN_STRICT_PROTOTYPES = YES;
				CLANG_WARN_SUSPICIOUS_MOVE = YES;
				CLANG_WARN_UNGUARDED_AVAILABILITY = YES_AGGRESSIVE;
				CLANG_WARN_UNREACHABLE_CODE = YES;
				CLANG_WARN__DUPLICATE_METHOD_MATCH = YES;
				COPY_PHASE_STRIP = NO;
				DEBUG_INFORMATION_FORMAT = "dwarf-with-dsym";
				ENABLE_NS_ASSERTIONS = NO;
				ENABLE_STRICT_OBJC_MSGSEND = YES;
				GCC_C_LANGUAGE_STANDARD = gnu11;
				GCC_NO_COMMON_BLOCKS = YES;
				GCC_WARN_64_TO_32_BIT_CONVERSION = YES;
				GCC_WARN_ABOUT_RETURN_TYPE = YES_ERROR;
				GCC_WARN_UNDECLARED_SELECTOR = YES;
				GCC_WARN_UNINITIALIZED_AUTOS = YES_AGGRESSIVE;
				GCC_WARN_UNUSED_FUNCTION = YES;
				GCC_WARN_UNUSED_VARIABLE = YES;
				IPHONEOS_DEPLOYMENT_TARGET = 13.5;
				MTL_ENABLE_DEBUG_INFO = NO;
				MTL_FAST_MATH = YES;
				SDKROOT = iphoneos;
				SWIFT_COMPILATION_MODE = wholemodule;
				SWIFT_OPTIMIZATION_LEVEL = "-O";
				VALIDATE_PRODUCT = YES;
			};
			name = Release;
		};
		DB96737724ED84B900E81F13 /* Debug */ = {
			isa = XCBuildConfiguration;
			baseConfigurationReference = A103CB989B0387DD6934717A /* Pods-Marvel.debug.xcconfig */;
			buildSettings = {
				ASSETCATALOG_COMPILER_APPICON_NAME = AppIcon;
				CODE_SIGN_STYLE = Automatic;
				DEVELOPMENT_TEAM = ZS8S2M79WZ;
				INFOPLIST_FILE = Marvel/Info.plist;
				LD_RUNPATH_SEARCH_PATHS = (
					"$(inherited)",
					"@executable_path/Frameworks",
				);
				PRODUCT_BUNDLE_IDENTIFIER = roger.Marvel;
				PRODUCT_NAME = "$(TARGET_NAME)";
				SWIFT_VERSION = 5.0;
				TARGETED_DEVICE_FAMILY = "1,2";
			};
			name = Debug;
		};
		DB96737824ED84B900E81F13 /* Release */ = {
			isa = XCBuildConfiguration;
			baseConfigurationReference = B42525D3666EFC592032CA18 /* Pods-Marvel.release.xcconfig */;
			buildSettings = {
				ASSETCATALOG_COMPILER_APPICON_NAME = AppIcon;
				CODE_SIGN_STYLE = Automatic;
				DEVELOPMENT_TEAM = ZS8S2M79WZ;
				INFOPLIST_FILE = Marvel/Info.plist;
				LD_RUNPATH_SEARCH_PATHS = (
					"$(inherited)",
					"@executable_path/Frameworks",
				);
				PRODUCT_BUNDLE_IDENTIFIER = roger.Marvel;
				PRODUCT_NAME = "$(TARGET_NAME)";
				SWIFT_VERSION = 5.0;
				TARGETED_DEVICE_FAMILY = "1,2";
			};
			name = Release;
		};
		DB96737A24ED84B900E81F13 /* Debug */ = {
			isa = XCBuildConfiguration;
			baseConfigurationReference = C59E37BEE4C4164DD90E3528 /* Pods-MarvelTests.debug.xcconfig */;
			buildSettings = {
				ALWAYS_EMBED_SWIFT_STANDARD_LIBRARIES = YES;
				BUNDLE_LOADER = "$(TEST_HOST)";
				CODE_SIGN_STYLE = Automatic;
				DEVELOPMENT_TEAM = ZS8S2M79WZ;
				INFOPLIST_FILE = MarvelTests/Info.plist;
				IPHONEOS_DEPLOYMENT_TARGET = 13.5;
				LD_RUNPATH_SEARCH_PATHS = (
					"$(inherited)",
					"@executable_path/Frameworks",
					"@loader_path/Frameworks",
				);
				PRODUCT_BUNDLE_IDENTIFIER = roger.MarvelTests;
				PRODUCT_NAME = "$(TARGET_NAME)";
				SWIFT_VERSION = 5.0;
				TARGETED_DEVICE_FAMILY = "1,2";
				TEST_HOST = "$(BUILT_PRODUCTS_DIR)/Marvel.app/Marvel";
			};
			name = Debug;
		};
		DB96737B24ED84B900E81F13 /* Release */ = {
			isa = XCBuildConfiguration;
			baseConfigurationReference = E6B2A89FED1A7219D59C6F6A /* Pods-MarvelTests.release.xcconfig */;
			buildSettings = {
				ALWAYS_EMBED_SWIFT_STANDARD_LIBRARIES = YES;
				BUNDLE_LOADER = "$(TEST_HOST)";
				CODE_SIGN_STYLE = Automatic;
				DEVELOPMENT_TEAM = ZS8S2M79WZ;
				INFOPLIST_FILE = MarvelTests/Info.plist;
				IPHONEOS_DEPLOYMENT_TARGET = 13.5;
				LD_RUNPATH_SEARCH_PATHS = (
					"$(inherited)",
					"@executable_path/Frameworks",
					"@loader_path/Frameworks",
				);
				PRODUCT_BUNDLE_IDENTIFIER = roger.MarvelTests;
				PRODUCT_NAME = "$(TARGET_NAME)";
				SWIFT_VERSION = 5.0;
				TARGETED_DEVICE_FAMILY = "1,2";
				TEST_HOST = "$(BUILT_PRODUCTS_DIR)/Marvel.app/Marvel";
			};
			name = Release;
		};
/* End XCBuildConfiguration section */

/* Begin XCConfigurationList section */
		DB96735224ED84B800E81F13 /* Build configuration list for PBXProject "Marvel" */ = {
			isa = XCConfigurationList;
			buildConfigurations = (
				DB96737424ED84B900E81F13 /* Debug */,
				DB96737524ED84B900E81F13 /* Release */,
			);
			defaultConfigurationIsVisible = 0;
			defaultConfigurationName = Release;
		};
		DB96737624ED84B900E81F13 /* Build configuration list for PBXNativeTarget "Marvel" */ = {
			isa = XCConfigurationList;
			buildConfigurations = (
				DB96737724ED84B900E81F13 /* Debug */,
				DB96737824ED84B900E81F13 /* Release */,
			);
			defaultConfigurationIsVisible = 0;
			defaultConfigurationName = Release;
		};
		DB96737924ED84B900E81F13 /* Build configuration list for PBXNativeTarget "MarvelTests" */ = {
			isa = XCConfigurationList;
			buildConfigurations = (
				DB96737A24ED84B900E81F13 /* Debug */,
				DB96737B24ED84B900E81F13 /* Release */,
			);
			defaultConfigurationIsVisible = 0;
			defaultConfigurationName = Release;
		};
/* End XCConfigurationList section */
	};
	rootObject = DB96734F24ED84B800E81F13 /* Project object */;
}
